
Microsoft Visual Studio Solution File, Format Version 12.00
# Visual Studio Version 16
VisualStudioVersion = 16.0.29806.167
MinimumVisualStudioVersion = 10.0.40219.1
Project("{9A19103F-16F7-4668-BE54-9A1E7A4F7556}") = "synonyms", "synonyms\synonyms.csproj", "{1CE43AB7-1A2E-4EF6-B41D-8E9BCE2C4854}"
EndProject
Project("{9A19103F-16F7-4668-BE54-9A1E7A4F7556}") = "Service", "Service\Service.csproj", "{C2296BE4-DE01-4E0A-B0D1-2EB133494C0B}"
EndProject
Project("{FAE04EC0-301F-11D3-BF4B-00C04F79EFBC}") = "Middleware", "Middleware\Middleware.csproj", "{25EE09BD-3865-423E-809A-A01A6FB51D24}"
EndProject
Global
	GlobalSection(SolutionConfigurationPlatforms) = preSolution
		Debug|Any CPU = Debug|Any CPU
		Release|Any CPU = Release|Any CPU
	EndGlobalSection
	GlobalSection(ProjectConfigurationPlatforms) = postSolution
		{1CE43AB7-1A2E-4EF6-B41D-8E9BCE2C4854}.Debug|Any CPU.ActiveCfg = Debug|Any CPU
		{1CE43AB7-1A2E-4EF6-B41D-8E9BCE2C4854}.Debug|Any CPU.Build.0 = Debug|Any CPU
		{1CE43AB7-1A2E-4EF6-B41D-8E9BCE2C4854}.Release|Any CPU.ActiveCfg = Release|Any CPU
		{1CE43AB7-1A2E-4EF6-B41D-8E9BCE2C4854}.Release|Any CPU.Build.0 = Release|Any CPU
		{C2296BE4-DE01-4E0A-B0D1-2EB133494C0B}.Debug|Any CPU.ActiveCfg = Debug|Any CPU
		{C2296BE4-DE01-4E0A-B0D1-2EB133494C0B}.Debug|Any CPU.Build.0 = Debug|Any CPU
		{C2296BE4-DE01-4E0A-B0D1-2EB133494C0B}.Release|Any CPU.ActiveCfg = Release|Any CPU
		{C2296BE4-DE01-4E0A-B0D1-2EB133494C0B}.Release|Any CPU.Build.0 = Release|Any CPU
		{25EE09BD-3865-423E-809A-A01A6FB51D24}.Debug|Any CPU.ActiveCfg = Debug|Any CPU
		{25EE09BD-3865-423E-809A-A01A6FB51D24}.Debug|Any CPU.Build.0 = Debug|Any CPU
		{25EE09BD-3865-423E-809A-A01A6FB51D24}.Release|Any CPU.ActiveCfg = Release|Any CPU
		{25EE09BD-3865-423E-809A-A01A6FB51D24}.Release|Any CPU.Build.0 = Release|Any CPU
	EndGlobalSection
	GlobalSection(SolutionProperties) = preSolution
		HideSolutionNode = FALSE
	EndGlobalSection
	GlobalSection(ExtensibilityGlobals) = postSolution
		SolutionGuid = {37F81916-F748-4DA3-B505-E2883D1DD473}
	EndGlobalSection
EndGlobal
